// !$*UTF8*$!
{
	archiveVersion = 1;
	classes = {
	};
	objectVersion = 77;
	objects = {

/* Begin PBXBuildFile section */
		5A179B252E89619300033A8C /* Recipe.swift in Sources */ = {isa = PBXBuildFile; fileRef = 5A179B242E89619300033A8C /* Recipe.swift */; };
		5A179B2D2E8976D400033A8C /* APIClient.swift in Sources */ = {isa = PBXBuildFile; fileRef = 5A179B272E896AF400033A8C /* APIClient.swift */; };
		5A179B712E9039AF00033A8C /* TrackViewModel.swift in Sources */ = {isa = PBXBuildFile; fileRef = 5A179B702E9039A600033A8C /* TrackViewModel.swift */; };
/* End PBXBuildFile section */

/* Begin PBXContainerItemProxy section */
		5A179A552E80845300033A8C /* PBXContainerItemProxy */ = {
			isa = PBXContainerItemProxy;
			containerPortal = 5A179A3C2E80845200033A8C /* Project object */;
			proxyType = 1;
			remoteGlobalIDString = 5A179A432E80845200033A8C;
			remoteInfo = scranly;
		};
		5A179A5F2E80845300033A8C /* PBXContainerItemProxy */ = {
			isa = PBXContainerItemProxy;
			containerPortal = 5A179A3C2E80845200033A8C /* Project object */;
			proxyType = 1;
			remoteGlobalIDString = 5A179A432E80845200033A8C;
			remoteInfo = scranly;
		};
/* End PBXContainerItemProxy section */

/* Begin PBXFileReference section */
		5A179A442E80845200033A8C /* scranly.app */ = {isa = PBXFileReference; explicitFileType = wrapper.application; includeInIndex = 0; path = scranly.app; sourceTree = BUILT_PRODUCTS_DIR; };
		5A179A542E80845300033A8C /* scranlyTests.xctest */ = {isa = PBXFileReference; explicitFileType = wrapper.cfbundle; includeInIndex = 0; path = scranlyTests.xctest; sourceTree = BUILT_PRODUCTS_DIR; };
		5A179A5E2E80845300033A8C /* scranlyUITests.xctest */ = {isa = PBXFileReference; explicitFileType = wrapper.cfbundle; includeInIndex = 0; path = scranlyUITests.xctest; sourceTree = BUILT_PRODUCTS_DIR; };
		5A179B242E89619300033A8C /* Recipe.swift */ = {isa = PBXFileReference; lastKnownFileType = sourcecode.swift; path = Recipe.swift; sourceTree = "<group>"; };
		5A179B272E896AF400033A8C /* APIClient.swift */ = {isa = PBXFileReference; lastKnownFileType = sourcecode.swift; path = APIClient.swift; sourceTree = "<group>"; };
		5A179B702E9039A600033A8C /* TrackViewModel.swift */ = {isa = PBXFileReference; lastKnownFileType = sourcecode.swift; path = TrackViewModel.swift; sourceTree = "<group>"; };
/* End PBXFileReference section */

/* Begin PBXFileSystemSynchronizedRootGroup section */
		5A179A462E80845200033A8C /* scranly */ = {
			isa = PBXFileSystemSynchronizedRootGroup;
			path = scranly;
			sourceTree = "<group>";
		};
		5A179A572E80845300033A8C /* scranlyTests */ = {
			isa = PBXFileSystemSynchronizedRootGroup;
			path = scranlyTests;
			sourceTree = "<group>";
		};
		5A179A612E80845300033A8C /* scranlyUITests */ = {
			isa = PBXFileSystemSynchronizedRootGroup;
			path = scranlyUITests;
			sourceTree = "<group>";
		};
/* End PBXFileSystemSynchronizedRootGroup section */

/* Begin PBXFrameworksBuildPhase section */
		5A179A412E80845200033A8C /* Frameworks */ = {
			isa = PBXFrameworksBuildPhase;
			buildActionMask = 2147483647;
			files = (
			);
			runOnlyForDeploymentPostprocessing = 0;
		};
		5A179A512E80845300033A8C /* Frameworks */ = {
			isa = PBXFrameworksBuildPhase;
			buildActionMask = 2147483647;
			files = (
			);
			runOnlyForDeploymentPostprocessing = 0;
		};
		5A179A5B2E80845300033A8C /* Frameworks */ = {
			isa = PBXFrameworksBuildPhase;
			buildActionMask = 2147483647;
			files = (
			);
			runOnlyForDeploymentPostprocessing = 0;
		};
/* End PBXFrameworksBuildPhase section */

/* Begin PBXGroup section */
		5A179A3B2E80845200033A8C = {
			isa = PBXGroup;
			children = (
				5A179B262E896AD100033A8C /* Networking */,
				5A179B232E89618000033A8C /* Models */,
				5A179A462E80845200033A8C /* scranly */,
				5A179A572E80845300033A8C /* scranlyTests */,
				5A179A612E80845300033A8C /* scranlyUITests */,
				5A179A452E80845200033A8C /* Products */,
			);
			sourceTree = "<group>";
		};
		5A179A452E80845200033A8C /* Products */ = {
			isa = PBXGroup;
			children = (
				5A179A442E80845200033A8C /* scranly.app */,
				5A179A542E80845300033A8C /* scranlyTests.xctest */,
				5A179A5E2E80845300033A8C /* scranlyUITests.xctest */,
			);
			name = Products;
			sourceTree = "<group>";
		};
		5A179B232E89618000033A8C /* Models */ = {
			isa = PBXGroup;
			children = (
				5A179B242E89619300033A8C /* Recipe.swift */,
			);
			path = Models;
			sourceTree = "<group>";
		};
		5A179B262E896AD100033A8C /* Networking */ = {
			isa = PBXGroup;
			children = (
				5A179B272E896AF400033A8C /* APIClient.swift */,
				5A179B702E9039A600033A8C /* TrackViewModel.swift */,
			);
			path = Networking;
			sourceTree = "<group>";
		};
/* End PBXGroup section */

/* Begin PBXNativeTarget section */
		5A179A432E80845200033A8C /* scranly */ = {
			isa = PBXNativeTarget;
			buildConfigurationList = 5A179A682E80845300033A8C /* Build configuration list for PBXNativeTarget "scranly" */;
			buildPhases = (
				5A179A402E80845200033A8C /* Sources */,
				5A179A412E80845200033A8C /* Frameworks */,
				5A179A422E80845200033A8C /* Resources */,
			);
			buildRules = (
			);
			dependencies = (
			);
			fileSystemSynchronizedGroups = (
				5A179A462E80845200033A8C /* scranly */,
			);
			name = scranly;
			packageProductDependencies = (
			);
			productName = scranly;
			productReference = 5A179A442E80845200033A8C /* scranly.app */;
			productType = "com.apple.product-type.application";
		};
		5A179A532E80845300033A8C /* scranlyTests */ = {
			isa = PBXNativeTarget;
			buildConfigurationList = 5A179A6B2E80845300033A8C /* Build configuration list for PBXNativeTarget "scranlyTests" */;
			buildPhases = (
				5A179A502E80845300033A8C /* Sources */,
				5A179A512E80845300033A8C /* Frameworks */,
				5A179A522E80845300033A8C /* Resources */,
			);
			buildRules = (
			);
			dependencies = (
				5A179A562E80845300033A8C /* PBXTargetDependency */,
			);
			fileSystemSynchronizedGroups = (
				5A179A572E80845300033A8C /* scranlyTests */,
			);
			name = scranlyTests;
			packageProductDependencies = (
			);
			productName = scranlyTests;
			productReference = 5A179A542E80845300033A8C /* scranlyTests.xctest */;
			productType = "com.apple.product-type.bundle.unit-test";
		};
		5A179A5D2E80845300033A8C /* scranlyUITests */ = {
			isa = PBXNativeTarget;
			buildConfigurationList = 5A179A6E2E80845300033A8C /* Build configuration list for PBXNativeTarget "scranlyUITests" */;
			buildPhases = (
				5A179A5A2E80845300033A8C /* Sources */,
				5A179A5B2E80845300033A8C /* Frameworks */,
				5A179A5C2E80845300033A8C /* Resources */,
			);
			buildRules = (
			);
			dependencies = (
				5A179A602E80845300033A8C /* PBXTargetDependency */,
			);
			fileSystemSynchronizedGroups = (
				5A179A612E80845300033A8C /* scranlyUITests */,
			);
			name = scranlyUITests;
			packageProductDependencies = (
			);
			productName = scranlyUITests;
			productReference = 5A179A5E2E80845300033A8C /* scranlyUITests.xctest */;
			productType = "com.apple.product-type.bundle.ui-testing";
		};
/* End PBXNativeTarget section */

/* Begin PBXProject section */
		5A179A3C2E80845200033A8C /* Project object */ = {
			isa = PBXProject;
			attributes = {
				BuildIndependentTargetsInParallel = 1;
				LastSwiftUpdateCheck = 1610;
				LastUpgradeCheck = 1610;
				TargetAttributes = {
					5A179A432E80845200033A8C = {
						CreatedOnToolsVersion = 16.1;
					};
					5A179A532E80845300033A8C = {
						CreatedOnToolsVersion = 16.1;
						TestTargetID = 5A179A432E80845200033A8C;
					};
					5A179A5D2E80845300033A8C = {
						CreatedOnToolsVersion = 16.1;
						TestTargetID = 5A179A432E80845200033A8C;
					};
				};
			};
			buildConfigurationList = 5A179A3F2E80845200033A8C /* Build configuration list for PBXProject "scranly" */;
			developmentRegion = en;
			hasScannedForEncodings = 0;
			knownRegions = (
				en,
				Base,
			);
			mainGroup = 5A179A3B2E80845200033A8C;
			minimizedProjectReferenceProxies = 1;
			preferredProjectObjectVersion = 77;
			productRefGroup = 5A179A452E80845200033A8C /* Products */;
			projectDirPath = "";
			projectRoot = "";
			targets = (
				5A179A432E80845200033A8C /* scranly */,
				5A179A532E80845300033A8C /* scranlyTests */,
				5A179A5D2E80845300033A8C /* scranlyUITests */,
			);
		};
/* End PBXProject section */

/* Begin PBXResourcesBuildPhase section */
		5A179A422E80845200033A8C /* Resources */ = {
			isa = PBXResourcesBuildPhase;
			buildActionMask = 2147483647;
			files = (
			);
			runOnlyForDeploymentPostprocessing = 0;
		};
		5A179A522E80845300033A8C /* Resources */ = {
			isa = PBXResourcesBuildPhase;
			buildActionMask = 2147483647;
			files = (
			);
			runOnlyForDeploymentPostprocessing = 0;
		};
		5A179A5C2E80845300033A8C /* Resources */ = {
			isa = PBXResourcesBuildPhase;
			buildActionMask = 2147483647;
			files = (
			);
			runOnlyForDeploymentPostprocessing = 0;
		};
/* End PBXResourcesBuildPhase section */

/* Begin PBXSourcesBuildPhase section */
		5A179A402E80845200033A8C /* Sources */ = {
			isa = PBXSourcesBuildPhase;
			buildActionMask = 2147483647;
			files = (
				5A179B252E89619300033A8C /* Recipe.swift in Sources */,
				5A179B712E9039AF00033A8C /* TrackViewModel.swift in Sources */,
				5A179B2D2E8976D400033A8C /* APIClient.swift in Sources */,
			);
			runOnlyForDeploymentPostprocessing = 0;
		};
		5A179A502E80845300033A8C /* Sources */ = {
			isa = PBXSourcesBuildPhase;
			buildActionMask = 2147483647;
			files = (
			);
			runOnlyForDeploymentPostprocessing = 0;
		};
		5A179A5A2E80845300033A8C /* Sources */ = {
			isa = PBXSourcesBuildPhase;
			buildActionMask = 2147483647;
			files = (
			);
			runOnlyForDeploymentPostprocessing = 0;
		};
/* End PBXSourcesBuildPhase section */

/* Begin PBXTargetDependency section */
		5A179A562E80845300033A8C /* PBXTargetDependency */ = {
			isa = PBXTargetDependency;
			target = 5A179A432E80845200033A8C /* scranly */;
			targetProxy = 5A179A552E80845300033A8C /* PBXContainerItemProxy */;
		};
		5A179A602E80845300033A8C /* PBXTargetDependency */ = {
			isa = PBXTargetDependency;
			target = 5A179A432E80845200033A8C /* scranly */;
			targetProxy = 5A179A5F2E80845300033A8C /* PBXContainerItemProxy */;
		};
/* End PBXTargetDependency section */

/* Begin XCBuildConfiguration section */
		5A179A662E80845300033A8C /* Debug */ = {
			isa = XCBuildConfiguration;
			buildSettings = {
				ALWAYS_SEARCH_USER_PATHS = NO;
				ASSETCATALOG_COMPILER_GENERATE_SWIFT_ASSET_SYMBOL_EXTENSIONS = YES;
				CLANG_ANALYZER_NONNULL = YES;
				CLANG_ANALYZER_NUMBER_OBJECT_CONVERSION = YES_AGGRESSIVE;
				CLANG_CXX_LANGUAGE_STANDARD = "gnu++20";
				CLANG_ENABLE_MODULES = YES;
				CLANG_ENABLE_OBJC_ARC = YES;
				CLANG_ENABLE_OBJC_WEAK = YES;
				CLANG_WARN_BLOCK_CAPTURE_AUTORELEASING = YES;
				CLANG_WARN_BOOL_CONVERSION = YES;
				CLANG_WARN_COMMA = YES;
				CLANG_WARN_CONSTANT_CONVERSION = YES;
				CLANG_WARN_DEPRECATED_OBJC_IMPLEMENTATIONS = YES;
				CLANG_WARN_DIRECT_OBJC_ISA_USAGE = YES_ERROR;
				CLANG_WARN_DOCUMENTATION_COMMENTS = YES;
				CLANG_WARN_EMPTY_BODY = YES;
				CLANG_WARN_ENUM_CONVERSION = YES;
				CLANG_WARN_INFINITE_RECURSION = YES;
				CLANG_WARN_INT_CONVERSION = YES;
				CLANG_WARN_NON_LITERAL_NULL_CONVERSION = YES;
				CLANG_WARN_OBJC_IMPLICIT_RETAIN_SELF = YES;
				CLANG_WARN_OBJC_LITERAL_CONVERSION = YES;
				CLANG_WARN_OBJC_ROOT_CLASS = YES_ERROR;
				CLANG_WARN_QUOTED_INCLUDE_IN_FRAMEWORK_HEADER = YES;
				CLANG_WARN_RANGE_LOOP_ANALYSIS = YES;
				CLANG_WARN_STRICT_PROTOTYPES = YES;
				CLANG_WARN_SUSPICIOUS_MOVE = YES;
				CLANG_WARN_UNGUARDED_AVAILABILITY = YES_AGGRESSIVE;
				CLANG_WARN_UNREACHABLE_CODE = YES;
				CLANG_WARN__DUPLICATE_METHOD_MATCH = YES;
				COPY_PHASE_STRIP = NO;
				DEBUG_INFORMATION_FORMAT = dwarf;
				ENABLE_STRICT_OBJC_MSGSEND = YES;
				ENABLE_TESTABILITY = YES;
				ENABLE_USER_SCRIPT_SANDBOXING = YES;
				GCC_C_LANGUAGE_STANDARD = gnu17;
				GCC_DYNAMIC_NO_PIC = NO;
				GCC_NO_COMMON_BLOCKS = YES;
				GCC_OPTIMIZATION_LEVEL = 0;
				GCC_PREPROCESSOR_DEFINITIONS = (
					"DEBUG=1",
					"$(inherited)",
				);
				GCC_WARN_64_TO_32_BIT_CONVERSION = YES;
				GCC_WARN_ABOUT_RETURN_TYPE = YES_ERROR;
				GCC_WARN_UNDECLARED_SELECTOR = YES;
				GCC_WARN_UNINITIALIZED_AUTOS = YES_AGGRESSIVE;
				GCC_WARN_UNUSED_FUNCTION = YES;
				GCC_WARN_UNUSED_VARIABLE = YES;
				IPHONEOS_DEPLOYMENT_TARGET = 18.1;
				LOCALIZATION_PREFERS_STRING_CATALOGS = YES;
				MTL_ENABLE_DEBUG_INFO = INCLUDE_SOURCE;
				MTL_FAST_MATH = YES;
				ONLY_ACTIVE_ARCH = YES;
				SDKROOT = iphoneos;
				SWIFT_ACTIVE_COMPILATION_CONDITIONS = "DEBUG $(inherited)";
				SWIFT_OPTIMIZATION_LEVEL = "-Onone";
			};
			name = Debug;
		};
		5A179A672E80845300033A8C /* Release */ = {
			isa = XCBuildConfiguration;
			buildSettings = {
				ALWAYS_SEARCH_USER_PATHS = NO;
				ASSETCATALOG_COMPILER_GENERATE_SWIFT_ASSET_SYMBOL_EXTENSIONS = YES;
				CLANG_ANALYZER_NONNULL = YES;
				CLANG_ANALYZER_NUMBER_OBJECT_CONVERSION = YES_AGGRESSIVE;
				CLANG_CXX_LANGUAGE_STANDARD = "gnu++20";
				CLANG_ENABLE_MODULES = YES;
				CLANG_ENABLE_OBJC_ARC = YES;
				CLANG_ENABLE_OBJC_WEAK = YES;
				CLANG_WARN_BLOCK_CAPTURE_AUTORELEASING = YES;
				CLANG_WARN_BOOL_CONVERSION = YES;
				CLANG_WARN_COMMA = YES;
				CLANG_WARN_CONSTANT_CONVERSION = YES;
				CLANG_WARN_DEPRECATED_OBJC_IMPLEMENTATIONS = YES;
				CLANG_WARN_DIRECT_OBJC_ISA_USAGE = YES_ERROR;
				CLANG_WARN_DOCUMENTATION_COMMENTS = YES;
				CLANG_WARN_EMPTY_BODY = YES;
				CLANG_WARN_ENUM_CONVERSION = YES;
				CLANG_WARN_INFINITE_RECURSION = YES;
				CLANG_WARN_INT_CONVERSION = YES;
				CLANG_WARN_NON_LITERAL_NULL_CONVERSION = YES;
				CLANG_WARN_OBJC_IMPLICIT_RETAIN_SELF = YES;
				CLANG_WARN_OBJC_LITERAL_CONVERSION = YES;
				CLANG_WARN_OBJC_ROOT_CLASS = YES_ERROR;
				CLANG_WARN_QUOTED_INCLUDE_IN_FRAMEWORK_HEADER = YES;
				CLANG_WARN_RANGE_LOOP_ANALYSIS = YES;
				CLANG_WARN_STRICT_PROTOTYPES = YES;
				CLANG_WARN_SUSPICIOUS_MOVE = YES;
				CLANG_WARN_UNGUARDED_AVAILABILITY = YES_AGGRESSIVE;
				CLANG_WARN_UNREACHABLE_CODE = YES;
				CLANG_WARN__DUPLICATE_METHOD_MATCH = YES;
				COPY_PHASE_STRIP = NO;
				DEBUG_INFORMATION_FORMAT = "dwarf-with-dsym";
				ENABLE_NS_ASSERTIONS = NO;
				ENABLE_STRICT_OBJC_MSGSEND = YES;
				ENABLE_USER_SCRIPT_SANDBOXING = YES;
				GCC_C_LANGUAGE_STANDARD = gnu17;
				GCC_NO_COMMON_BLOCKS = YES;
				GCC_WARN_64_TO_32_BIT_CONVERSION = YES;
				GCC_WARN_ABOUT_RETURN_TYPE = YES_ERROR;
				GCC_WARN_UNDECLARED_SELECTOR = YES;
				GCC_WARN_UNINITIALIZED_AUTOS = YES_AGGRESSIVE;
				GCC_WARN_UNUSED_FUNCTION = YES;
				GCC_WARN_UNUSED_VARIABLE = YES;
				IPHONEOS_DEPLOYMENT_TARGET = 18.1;
				LOCALIZATION_PREFERS_STRING_CATALOGS = YES;
				MTL_ENABLE_DEBUG_INFO = NO;
				MTL_FAST_MATH = YES;
				SDKROOT = iphoneos;
				SWIFT_COMPILATION_MODE = wholemodule;
				VALIDATE_PRODUCT = YES;
			};
			name = Release;
		};
		5A179A692E80845300033A8C /* Debug */ = {
			isa = XCBuildConfiguration;
			buildSettings = {
				ASSETCATALOG_COMPILER_APPICON_NAME = AppIcon;
				ASSETCATALOG_COMPILER_GLOBAL_ACCENT_COLOR_NAME = AccentColor;
				CODE_SIGN_STYLE = Automatic;
				CURRENT_PROJECT_VERSION = 1;
				DEVELOPMENT_ASSET_PATHS = "\"scranly/Preview Content\"";
				ENABLE_PREVIEWS = YES;
				GENERATE_INFOPLIST_FILE = YES;
				INFOPLIST_KEY_UIApplicationSceneManifest_Generation = YES;
				INFOPLIST_KEY_UIApplicationSupportsIndirectInputEvents = YES;
				INFOPLIST_KEY_UILaunchScreen_Generation = YES;
				INFOPLIST_KEY_UISupportedInterfaceOrientations_iPad = "UIInterfaceOrientationPortrait UIInterfaceOrientationPortraitUpsideDown UIInterfaceOrientationLandscapeLeft UIInterfaceOrientationLandscapeRight";
				INFOPLIST_KEY_UISupportedInterfaceOrientations_iPhone = "UIInterfaceOrientationPortrait UIInterfaceOrientationLandscapeLeft UIInterfaceOrientationLandscapeRight";
				LD_RUNPATH_SEARCH_PATHS = (
					"$(inherited)",
					"@executable_path/Frameworks",
				);
				MARKETING_VERSION = 1.0;
				PRODUCT_BUNDLE_IDENTIFIER = "luke-pledger.scranly";
				PRODUCT_NAME = "$(TARGET_NAME)";
				SWIFT_EMIT_LOC_STRINGS = YES;
				SWIFT_VERSION = 5.0;
				TARGETED_DEVICE_FAMILY = "1,2";
			};
			name = Debug;
		};
		5A179A6A2E80845300033A8C /* Release */ = {
			isa = XCBuildConfiguration;
			buildSettings = {
				ASSETCATALOG_COMPILER_APPICON_NAME = AppIcon;
				ASSETCATALOG_COMPILER_GLOBAL_ACCENT_COLOR_NAME = AccentColor;
				CODE_SIGN_STYLE = Automatic;
				CURRENT_PROJECT_VERSION = 1;
				DEVELOPMENT_ASSET_PATHS = "\"scranly/Preview Content\"";
				ENABLE_PREVIEWS = YES;
				GENERATE_INFOPLIST_FILE = YES;
				INFOPLIST_KEY_UIApplicationSceneManifest_Generation = YES;
				INFOPLIST_KEY_UIApplicationSupportsIndirectInputEvents = YES;
				INFOPLIST_KEY_UILaunchScreen_Generation = YES;
				INFOPLIST_KEY_UISupportedInterfaceOrientations_iPad = "UIInterfaceOrientationPortrait UIInterfaceOrientationPortraitUpsideDown UIInterfaceOrientationLandscapeLeft UIInterfaceOrientationLandscapeRight";
				INFOPLIST_KEY_UISupportedInterfaceOrientations_iPhone = "UIInterfaceOrientationPortrait UIInterfaceOrientationLandscapeLeft UIInterfaceOrientationLandscapeRight";
				LD_RUNPATH_SEARCH_PATHS = (
					"$(inherited)",
					"@executable_path/Frameworks",
				);
				MARKETING_VERSION = 1.0;
				PRODUCT_BUNDLE_IDENTIFIER = "luke-pledger.scranly";
				PRODUCT_NAME = "$(TARGET_NAME)";
				SWIFT_EMIT_LOC_STRINGS = YES;
				SWIFT_VERSION = 5.0;
				TARGETED_DEVICE_FAMILY = "1,2";
			};
			name = Release;
		};
		5A179A6C2E80845300033A8C /* Debug */ = {
			isa = XCBuildConfiguration;
			buildSettings = {
				BUNDLE_LOADER = "$(TEST_HOST)";
				CODE_SIGN_STYLE = Automatic;
				CURRENT_PROJECT_VERSION = 1;
				GENERATE_INFOPLIST_FILE = YES;
				IPHONEOS_DEPLOYMENT_TARGET = 18.1;
				MARKETING_VERSION = 1.0;
				PRODUCT_BUNDLE_IDENTIFIER = "luke-pledger.scranlyTests";
				PRODUCT_NAME = "$(TARGET_NAME)";
				SWIFT_EMIT_LOC_STRINGS = NO;
				SWIFT_VERSION = 5.0;
				TARGETED_DEVICE_FAMILY = "1,2";
				TEST_HOST = "$(BUILT_PRODUCTS_DIR)/scranly.app/$(BUNDLE_EXECUTABLE_FOLDER_PATH)/scranly";
			};
			name = Debug;
		};
		5A179A6D2E80845300033A8C /* Release */ = {
			isa = XCBuildConfiguration;
			buildSettings = {
				BUNDLE_LOADER = "$(TEST_HOST)";
				CODE_SIGN_STYLE = Automatic;
				CURRENT_PROJECT_VERSION = 1;
				GENERATE_INFOPLIST_FILE = YES;
				IPHONEOS_DEPLOYMENT_TARGET = 18.1;
				MARKETING_VERSION = 1.0;
				PRODUCT_BUNDLE_IDENTIFIER = "luke-pledger.scranlyTests";
				PRODUCT_NAME = "$(TARGET_NAME)";
				SWIFT_EMIT_LOC_STRINGS = NO;
				SWIFT_VERSION = 5.0;
				TARGETED_DEVICE_FAMILY = "1,2";
				TEST_HOST = "$(BUILT_PRODUCTS_DIR)/scranly.app/$(BUNDLE_EXECUTABLE_FOLDER_PATH)/scranly";
			};
			name = Release;
		};
		5A179A6F2E80845300033A8C /* Debug */ = {
			isa = XCBuildConfiguration;
			buildSettings = {
				CODE_SIGN_STYLE = Automatic;
				CURRENT_PROJECT_VERSION = 1;
				GENERATE_INFOPLIST_FILE = YES;
				MARKETING_VERSION = 1.0;
				PRODUCT_BUNDLE_IDENTIFIER = "luke-pledger.scranlyUITests";
				PRODUCT_NAME = "$(TARGET_NAME)";
				SWIFT_EMIT_LOC_STRINGS = NO;
				SWIFT_VERSION = 5.0;
				TARGETED_DEVICE_FAMILY = "1,2";
				TEST_TARGET_NAME = scranly;
			};
			name = Debug;
		};
		5A179A702E80845300033A8C /* Release */ = {
			isa = XCBuildConfiguration;
			buildSettings = {
				CODE_SIGN_STYLE = Automatic;
				CURRENT_PROJECT_VERSION = 1;
				GENERATE_INFOPLIST_FILE = YES;
				MARKETING_VERSION = 1.0;
				PRODUCT_BUNDLE_IDENTIFIER = "luke-pledger.scranlyUITests";
				PRODUCT_NAME = "$(TARGET_NAME)";
				SWIFT_EMIT_LOC_STRINGS = NO;
				SWIFT_VERSION = 5.0;
				TARGETED_DEVICE_FAMILY = "1,2";
				TEST_TARGET_NAME = scranly;
			};
			name = Release;
		};
/* End XCBuildConfiguration section */

/* Begin XCConfigurationList section */
		5A179A3F2E80845200033A8C /* Build configuration list for PBXProject "scranly" */ = {
			isa = XCConfigurationList;
			buildConfigurations = (
				5A179A662E80845300033A8C /* Debug */,
				5A179A672E80845300033A8C /* Release */,
			);
			defaultConfigurationIsVisible = 0;
			defaultConfigurationName = Release;
		};
		5A179A682E80845300033A8C /* Build configuration list for PBXNativeTarget "scranly" */ = {
			isa = XCConfigurationList;
			buildConfigurations = (
				5A179A692E80845300033A8C /* Debug */,
				5A179A6A2E80845300033A8C /* Release */,
			);
			defaultConfigurationIsVisible = 0;
			defaultConfigurationName = Release;
		};
		5A179A6B2E80845300033A8C /* Build configuration list for PBXNativeTarget "scranlyTests" */ = {
			isa = XCConfigurationList;
			buildConfigurations = (
				5A179A6C2E80845300033A8C /* Debug */,
				5A179A6D2E80845300033A8C /* Release */,
			);
			defaultConfigurationIsVisible = 0;
			defaultConfigurationName = Release;
		};
		5A179A6E2E80845300033A8C /* Build configuration list for PBXNativeTarget "scranlyUITests" */ = {
			isa = XCConfigurationList;
			buildConfigurations = (
				5A179A6F2E80845300033A8C /* Debug */,
				5A179A702E80845300033A8C /* Release */,
			);
			defaultConfigurationIsVisible = 0;
			defaultConfigurationName = Release;
		};
/* End XCConfigurationList section */
	};
	rootObject = 5A179A3C2E80845200033A8C /* Project object */;
}
